// !$*UTF8*$!
{
	archiveVersion = 1;
	classes = {
	};
	objectVersion = 56;
	objects = {

/* Begin PBXBuildFile section */
		AA100000000000000000001A /* DailyPlannerApp.swift in Sources */ = {isa = PBXBuildFile; fileRef = AA0F0000000000000000001A /* DailyPlannerApp.swift */; };
		AA120000000000000000001A /* PlannerModels.swift in Sources */ = {isa = PBXBuildFile; fileRef = AA110000000000000000001A /* PlannerModels.swift */; };
		AA140000000000000000001A /* PlannerViewModel.swift in Sources */ = {isa = PBXBuildFile; fileRef = AA130000000000000000001A /* PlannerViewModel.swift */; };
		AA160000000000000000001A /* ContentView.swift in Sources */ = {isa = PBXBuildFile; fileRef = AA150000000000000000001A /* ContentView.swift */; };
		AA180000000000000000001A /* DateScrollerView.swift in Sources */ = {isa = PBXBuildFile; fileRef = AA170000000000000000001A /* DateScrollerView.swift */; };
		AA1A0000000000000000001A /* SharedComponents.swift in Sources */ = {isa = PBXBuildFile; fileRef = AA190000000000000000001A /* SharedComponents.swift */; };
		AA1C0000000000000000001A /* OverviewView.swift in Sources */ = {isa = PBXBuildFile; fileRef = AA1B0000000000000000001A /* OverviewView.swift */; };
		AA1E0000000000000000001A /* TopPrioritiesView.swift in Sources */ = {isa = PBXBuildFile; fileRef = AA1D0000000000000000001A /* TopPrioritiesView.swift */; };
		AA200000000000000000001A /* CallsEmailsView.swift in Sources */ = {isa = PBXBuildFile; fileRef = AA1F0000000000000000001A /* CallsEmailsView.swift */; };
		AA220000000000000000001A /* PersonalTodoView.swift in Sources */ = {isa = PBXBuildFile; fileRef = AA210000000000000000001A /* PersonalTodoView.swift */; };
		AA240000000000000000001A /* HealthFitnessView.swift in Sources */ = {isa = PBXBuildFile; fileRef = AA230000000000000000001A /* HealthFitnessView.swift */; };
		AA260000000000000000001A /* WaterTrackerView.swift in Sources */ = {isa = PBXBuildFile; fileRef = AA250000000000000000001A /* WaterTrackerView.swift */; };
		AA280000000000000000001A /* FoodTrackerView.swift in Sources */ = {isa = PBXBuildFile; fileRef = AA270000000000000000001A /* FoodTrackerView.swift */; };
		AA2A0000000000000000001A /* DailyScheduleView.swift in Sources */ = {isa = PBXBuildFile; fileRef = AA290000000000000000001A /* DailyScheduleView.swift */; };
		AA2C0000000000000000001A /* AppointmentsView.swift in Sources */ = {isa = PBXBuildFile; fileRef = AA2B0000000000000000001A /* AppointmentsView.swift */; };
		AA2E0000000000000000001A /* NotesView.swift in Sources */ = {isa = PBXBuildFile; fileRef = AA2D0000000000000000001A /* NotesView.swift */; };
		AA320000000000000000001A /* ExpenseTrackerView.swift in Sources */ = {isa = PBXBuildFile; fileRef = AA310000000000000000001A /* ExpenseTrackerView.swift */; };
		AA340000000000000000001A /* RateYourDayView.swift in Sources */ = {isa = PBXBuildFile; fileRef = AA330000000000000000001A /* RateYourDayView.swift */; };
		AA360000000000000000001A /* Assets.xcassets in Resources */ = {isa = PBXBuildFile; fileRef = AA350000000000000000001A /* Assets.xcassets */; };
		AA3E0000000000000000001A /* ToDoListsView.swift in Sources */ = {isa = PBXBuildFile; fileRef = AA3D0000000000000000001A /* ToDoListsView.swift */; };
		AA400000000000000000001A /* NotificationManager.swift in Sources */ = {isa = PBXBuildFile; fileRef = AA3F0000000000000000001A /* NotificationManager.swift */; };
		AA420000000000000000001A /* SettingsView.swift in Sources */ = {isa = PBXBuildFile; fileRef = AA410000000000000000001A /* SettingsView.swift */; };
		AA440000000000000000001A /* CalorieEstimator.swift in Sources */ = {isa = PBXBuildFile; fileRef = AA430000000000000000001A /* CalorieEstimator.swift */; };
		AA470000000000000000001A /* HealthKitManager.swift in Sources */ = {isa = PBXBuildFile; fileRef = AA460000000000000000001A /* HealthKitManager.swift */; };
		AA490000000000000000001A /* RecurrencePicker.swift in Sources */ = {isa = PBXBuildFile; fileRef = AA4A0000000000000000001A /* RecurrencePicker.swift */; };
		AA4B0000000000000000001A /* SearchView.swift in Sources */ = {isa = PBXBuildFile; fileRef = AA4C0000000000000000001A /* SearchView.swift */; };
		AA4D0000000000000000001A /* ExportView.swift in Sources */ = {isa = PBXBuildFile; fileRef = AA4E0000000000000000001A /* ExportView.swift */; };
		AA510000000000000000001A /* PomodoroTimerView.swift in Sources */ = {isa = PBXBuildFile; fileRef = AA500000000000000000001A /* PomodoroTimerView.swift */; };
		AA530000000000000000001A /* HabitTrackerView.swift in Sources */ = {isa = PBXBuildFile; fileRef = AA520000000000000000001A /* HabitTrackerView.swift */; };
		AA550000000000000000001A /* BudgetSettingsView.swift in Sources */ = {isa = PBXBuildFile; fileRef = AA540000000000000000001A /* BudgetSettingsView.swift */; };
		AA560000000000000000001A /* SleepTrackerView.swift in Sources */ = {isa = PBXBuildFile; fileRef = AA570000000000000000001A /* SleepTrackerView.swift */; };
		AA580000000000000000001A /* WeeklySummaryView.swift in Sources */ = {isa = PBXBuildFile; fileRef = AA590000000000000000001A /* WeeklySummaryView.swift */; };
		AA5A0000000000000000001A /* AppShortcuts.swift in Sources */ = {isa = PBXBuildFile; fileRef = AA5B0000000000000000001A /* AppShortcuts.swift */; };
		AA5C0000000000000000001A /* SpendingTrendsView.swift in Sources */ = {isa = PBXBuildFile; fileRef = AA5D0000000000000000001A /* SpendingTrendsView.swift */; };
		AA5E0000000000000000001A /* MedicationTrackerView.swift in Sources */ = {isa = PBXBuildFile; fileRef = AA5F0000000000000000001A /* MedicationTrackerView.swift */; };
		AA600000000000000000001A /* ProManager.swift in Sources */ = {isa = PBXBuildFile; fileRef = AA610000000000000000001A /* ProManager.swift */; };
		AA620000000000000000001A /* ProUpgradeView.swift in Sources */ = {isa = PBXBuildFile; fileRef = AA630000000000000000001A /* ProUpgradeView.swift */; };
		AA6400000000000000001A /* HealthKit.framework in Frameworks */ = {isa = PBXBuildFile; fileRef = AA6500000000000000001A /* HealthKit.framework */; };
		AA680000000000000000001A /* SharingView.swift in Sources */ = {isa = PBXBuildFile; fileRef = AA690000000000000000001A /* SharingView.swift */; };
		AA6C0000000000000000001A /* CloudKitSharingService.swift in Sources */ = {isa = PBXBuildFile; fileRef = AA6A0000000000000000001A /* CloudKitSharingService.swift */; };
		BB200000000000000000001A /* DailyPlannerWidget.swift in Sources */ = {isa = PBXBuildFile; fileRef = BB100000000000000000001A /* DailyPlannerWidget.swift */; };
		BB810000000000000000001A /* DailyPlannerWidget.appex in Embed Foundation Extensions */ = {isa = PBXBuildFile; fileRef = BB900000000000000000001A /* DailyPlannerWidget.appex */; settings = {ATTRIBUTES = (CodeSignOnCopy, RemoveHeadersOnCopy, ); }; };
/* End PBXBuildFile section */

/* Begin PBXContainerItemProxy section */
		BB520000000000000000001A /* PBXContainerItemProxy */ = {
			isa = PBXContainerItemProxy;
			containerPortal = AA000000000000000000001A /* Project object */;
			proxyType = 1;
			remoteGlobalIDString = BB500000000000000000001A;
			remoteInfo = DailyPlannerWidget;
		};
/* End PBXContainerItemProxy section */

/* Begin PBXCopyFilesBuildPhase section */
		BB800000000000000000001A /* Embed Foundation Extensions */ = {
			isa = PBXCopyFilesBuildPhase;
			buildActionMask = 2147483647;
			dstPath = "";
			dstSubfolderSpec = 13;
			files = (
				BB810000000000000000001A /* DailyPlannerWidget.appex in Embed Foundation Extensions */,
			);
			name = "Embed Foundation Extensions";
			runOnlyForDeploymentPostprocessing = 0;
		};
/* End PBXCopyFilesBuildPhase section */

/* Begin PBXFileReference section */
		AA0E0000000000000000001A /* DailyPlanner.app */ = {isa = PBXFileReference; explicitFileType = wrapper.application; includeInIndex = 0; path = DailyPlanner.app; sourceTree = BUILT_PRODUCTS_DIR; };
		AA0F0000000000000000001A /* DailyPlannerApp.swift */ = {isa = PBXFileReference; lastKnownFileType = sourcecode.swift; path = DailyPlannerApp.swift; sourceTree = "<group>"; };
		AA110000000000000000001A /* PlannerModels.swift */ = {isa = PBXFileReference; lastKnownFileType = sourcecode.swift; path = PlannerModels.swift; sourceTree = "<group>"; };
		AA130000000000000000001A /* PlannerViewModel.swift */ = {isa = PBXFileReference; lastKnownFileType = sourcecode.swift; path = PlannerViewModel.swift; sourceTree = "<group>"; };
		AA150000000000000000001A /* ContentView.swift */ = {isa = PBXFileReference; lastKnownFileType = sourcecode.swift; path = ContentView.swift; sourceTree = "<group>"; };
		AA170000000000000000001A /* DateScrollerView.swift */ = {isa = PBXFileReference; lastKnownFileType = sourcecode.swift; path = DateScrollerView.swift; sourceTree = "<group>"; };
		AA190000000000000000001A /* SharedComponents.swift */ = {isa = PBXFileReference; lastKnownFileType = sourcecode.swift; path = SharedComponents.swift; sourceTree = "<group>"; };
		AA1B0000000000000000001A /* OverviewView.swift */ = {isa = PBXFileReference; lastKnownFileType = sourcecode.swift; path = OverviewView.swift; sourceTree = "<group>"; };
		AA1D0000000000000000001A /* TopPrioritiesView.swift */ = {isa = PBXFileReference; lastKnownFileType = sourcecode.swift; path = TopPrioritiesView.swift; sourceTree = "<group>"; };
		AA1F0000000000000000001A /* CallsEmailsView.swift */ = {isa = PBXFileReference; lastKnownFileType = sourcecode.swift; path = CallsEmailsView.swift; sourceTree = "<group>"; };
		AA210000000000000000001A /* PersonalTodoView.swift */ = {isa = PBXFileReference; lastKnownFileType = sourcecode.swift; path = PersonalTodoView.swift; sourceTree = "<group>"; };
		AA230000000000000000001A /* HealthFitnessView.swift */ = {isa = PBXFileReference; lastKnownFileType = sourcecode.swift; path = HealthFitnessView.swift; sourceTree = "<group>"; };
		AA250000000000000000001A /* WaterTrackerView.swift */ = {isa = PBXFileReference; lastKnownFileType = sourcecode.swift; path = WaterTrackerView.swift; sourceTree = "<group>"; };
		AA270000000000000000001A /* FoodTrackerView.swift */ = {isa = PBXFileReference; lastKnownFileType = sourcecode.swift; path = FoodTrackerView.swift; sourceTree = "<group>"; };
		AA290000000000000000001A /* DailyScheduleView.swift */ = {isa = PBXFileReference; lastKnownFileType = sourcecode.swift; path = DailyScheduleView.swift; sourceTree = "<group>"; };
		AA2B0000000000000000001A /* AppointmentsView.swift */ = {isa = PBXFileReference; lastKnownFileType = sourcecode.swift; path = AppointmentsView.swift; sourceTree = "<group>"; };
		AA2D0000000000000000001A /* NotesView.swift */ = {isa = PBXFileReference; lastKnownFileType = sourcecode.swift; path = NotesView.swift; sourceTree = "<group>"; };
		AA310000000000000000001A /* ExpenseTrackerView.swift */ = {isa = PBXFileReference; lastKnownFileType = sourcecode.swift; path = ExpenseTrackerView.swift; sourceTree = "<group>"; };
		AA330000000000000000001A /* RateYourDayView.swift */ = {isa = PBXFileReference; lastKnownFileType = sourcecode.swift; path = RateYourDayView.swift; sourceTree = "<group>"; };
		AA350000000000000000001A /* Assets.xcassets */ = {isa = PBXFileReference; lastKnownFileType = folder.assetcatalog; path = Assets.xcassets; sourceTree = "<group>"; };
		AA370000000000000000001A /* Info.plist */ = {isa = PBXFileReference; lastKnownFileType = text.plist.xml; path = Info.plist; sourceTree = "<group>"; };
		AA3D0000000000000000001A /* ToDoListsView.swift */ = {isa = PBXFileReference; lastKnownFileType = sourcecode.swift; path = ToDoListsView.swift; sourceTree = "<group>"; };
		AA3F0000000000000000001A /* NotificationManager.swift */ = {isa = PBXFileReference; lastKnownFileType = sourcecode.swift; path = NotificationManager.swift; sourceTree = "<group>"; };
		AA410000000000000000001A /* SettingsView.swift */ = {isa = PBXFileReference; lastKnownFileType = sourcecode.swift; path = SettingsView.swift; sourceTree = "<group>"; };
		AA430000000000000000001A /* CalorieEstimator.swift */ = {isa = PBXFileReference; lastKnownFileType = sourcecode.swift; path = CalorieEstimator.swift; sourceTree = "<group>"; };
		AA460000000000000000001A /* HealthKitManager.swift */ = {isa = PBXFileReference; lastKnownFileType = sourcecode.swift; path = HealthKitManager.swift; sourceTree = "<group>"; };
		AA480000000000000000001A /* DailyPlanner.entitlements */ = {isa = PBXFileReference; lastKnownFileType = text.plist.entitlements; path = DailyPlanner.entitlements; sourceTree = "<group>"; };
		AA4A0000000000000000001A /* RecurrencePicker.swift */ = {isa = PBXFileReference; lastKnownFileType = sourcecode.swift; path = RecurrencePicker.swift; sourceTree = "<group>"; };
		AA4C0000000000000000001A /* SearchView.swift */ = {isa = PBXFileReference; lastKnownFileType = sourcecode.swift; path = SearchView.swift; sourceTree = "<group>"; };
		AA4E0000000000000000001A /* ExportView.swift */ = {isa = PBXFileReference; lastKnownFileType = sourcecode.swift; path = ExportView.swift; sourceTree = "<group>"; };
		AA500000000000000000001A /* PomodoroTimerView.swift */ = {isa = PBXFileReference; lastKnownFileType = sourcecode.swift; path = PomodoroTimerView.swift; sourceTree = "<group>"; };
		AA520000000000000000001A /* HabitTrackerView.swift */ = {isa = PBXFileReference; lastKnownFileType = sourcecode.swift; path = HabitTrackerView.swift; sourceTree = "<group>"; };
		AA540000000000000000001A /* BudgetSettingsView.swift */ = {isa = PBXFileReference; lastKnownFileType = sourcecode.swift; path = BudgetSettingsView.swift; sourceTree = "<group>"; };
		AA570000000000000000001A /* SleepTrackerView.swift */ = {isa = PBXFileReference; lastKnownFileType = sourcecode.swift; path = SleepTrackerView.swift; sourceTree = "<group>"; };
		AA590000000000000000001A /* WeeklySummaryView.swift */ = {isa = PBXFileReference; lastKnownFileType = sourcecode.swift; path = WeeklySummaryView.swift; sourceTree = "<group>"; };
		AA5B0000000000000000001A /* AppShortcuts.swift */ = {isa = PBXFileReference; lastKnownFileType = sourcecode.swift; path = AppShortcuts.swift; sourceTree = "<group>"; };
		AA5D0000000000000000001A /* SpendingTrendsView.swift */ = {isa = PBXFileReference; lastKnownFileType = sourcecode.swift; path = SpendingTrendsView.swift; sourceTree = "<group>"; };
		AA5F0000000000000000001A /* MedicationTrackerView.swift */ = {isa = PBXFileReference; lastKnownFileType = sourcecode.swift; path = MedicationTrackerView.swift; sourceTree = "<group>"; };
		AA610000000000000000001A /* ProManager.swift */ = {isa = PBXFileReference; lastKnownFileType = sourcecode.swift; path = ProManager.swift; sourceTree = "<group>"; };
		AA630000000000000000001A /* ProUpgradeView.swift */ = {isa = PBXFileReference; lastKnownFileType = sourcecode.swift; path = ProUpgradeView.swift; sourceTree = "<group>"; };
		AA6500000000000000001A /* HealthKit.framework */ = {isa = PBXFileReference; lastKnownFileType = wrapper.framework; name = HealthKit.framework; path = System/Library/Frameworks/HealthKit.framework; sourceTree = SDKROOT; };
		AA690000000000000000001A /* SharingView.swift */ = {isa = PBXFileReference; lastKnownFileType = sourcecode.swift; path = SharingView.swift; sourceTree = "<group>"; };
		AA6A0000000000000000001A /* CloudKitSharingService.swift */ = {isa = PBXFileReference; lastKnownFileType = sourcecode.swift; path = CloudKitSharingService.swift; sourceTree = "<group>"; };
		BB100000000000000000001A /* DailyPlannerWidget.swift */ = {isa = PBXFileReference; lastKnownFileType = sourcecode.swift; path = DailyPlannerWidget.swift; sourceTree = "<group>"; };
		BB110000000000000000001A /* Info.plist */ = {isa = PBXFileReference; lastKnownFileType = text.plist.xml; path = Info.plist; sourceTree = "<group>"; };
		BB120000000000000000001A /* DailyPlannerWidget.entitlements */ = {isa = PBXFileReference; lastKnownFileType = text.plist.entitlements; path = DailyPlannerWidget.entitlements; sourceTree = "<group>"; };
		BB900000000000000000001A /* DailyPlannerWidget.appex */ = {isa = PBXFileReference; explicitFileType = "wrapper.app-extension"; includeInIndex = 0; path = DailyPlannerWidget.appex; sourceTree = BUILT_PRODUCTS_DIR; };
/* End PBXFileReference section */

/* Begin PBXFrameworksBuildPhase section */
		AA0D0000000000000000001A /* Frameworks */ = {
			isa = PBXFrameworksBuildPhase;
			buildActionMask = 2147483647;
			files = (
				AA6400000000000000001A /* HealthKit.framework in Frameworks */,
			);
			runOnlyForDeploymentPostprocessing = 0;
		};
		BB420000000000000000001A /* Frameworks */ = {
			isa = PBXFrameworksBuildPhase;
			buildActionMask = 2147483647;
			files = (
			);
			runOnlyForDeploymentPostprocessing = 0;
		};
/* End PBXFrameworksBuildPhase section */

/* Begin PBXGroup section */
		AA020000000000000000001A /* DailyPlanner */ = {
			isa = PBXGroup;
			children = (
				AA0F0000000000000000001A /* DailyPlannerApp.swift */,
				AA5B0000000000000000001A /* AppShortcuts.swift */,
				AA380000000000000000001A /* Models */,
				AA390000000000000000001A /* ViewModels */,
				AA450000000000000000001A /* Services */,
				AA3A0000000000000000001A /* Views */,
				AA350000000000000000001A /* Assets.xcassets */,
				AA370000000000000000001A /* Info.plist */,
				AA480000000000000000001A /* DailyPlanner.entitlements */,
			);
			path = DailyPlanner;
			sourceTree = "<group>";
		};
		AA030000000000000000001A /* Products */ = {
			isa = PBXGroup;
			children = (
				AA0E0000000000000000001A /* DailyPlanner.app */,
				BB900000000000000000001A /* DailyPlannerWidget.appex */,
			);
			name = Products;
			sourceTree = "<group>";
		};
		AA380000000000000000001A /* Models */ = {
			isa = PBXGroup;
			children = (
				AA110000000000000000001A /* PlannerModels.swift */,
				AA3F0000000000000000001A /* NotificationManager.swift */,
				AA430000000000000000001A /* CalorieEstimator.swift */,
			);
			path = Models;
			sourceTree = "<group>";
		};
		AA390000000000000000001A /* ViewModels */ = {
			isa = PBXGroup;
			children = (
				AA130000000000000000001A /* PlannerViewModel.swift */,
			);
			path = ViewModels;
			sourceTree = "<group>";
		};
		AA3A0000000000000000001A /* Views */ = {
			isa = PBXGroup;
			children = (
				AA150000000000000000001A /* ContentView.swift */,
				AA3B0000000000000000001A /* Components */,
				AA1B0000000000000000001A /* OverviewView.swift */,
				AA1D0000000000000000001A /* TopPrioritiesView.swift */,
				AA3D0000000000000000001A /* ToDoListsView.swift */,
				AA1F0000000000000000001A /* CallsEmailsView.swift */,
				AA210000000000000000001A /* PersonalTodoView.swift */,
				AA230000000000000000001A /* HealthFitnessView.swift */,
				AA250000000000000000001A /* WaterTrackerView.swift */,
				AA270000000000000000001A /* FoodTrackerView.swift */,
				AA290000000000000000001A /* DailyScheduleView.swift */,
				AA2B0000000000000000001A /* AppointmentsView.swift */,
				AA2D0000000000000000001A /* NotesView.swift */,
				AA310000000000000000001A /* ExpenseTrackerView.swift */,
				AA330000000000000000001A /* RateYourDayView.swift */,
				AA410000000000000000001A /* SettingsView.swift */,
				AA4C0000000000000000001A /* SearchView.swift */,
				AA4E0000000000000000001A /* ExportView.swift */,
				AA500000000000000000001A /* PomodoroTimerView.swift */,
				AA520000000000000000001A /* HabitTrackerView.swift */,
				AA540000000000000000001A /* BudgetSettingsView.swift */,
				AA570000000000000000001A /* SleepTrackerView.swift */,
				AA590000000000000000001A /* WeeklySummaryView.swift */,
				AA5D0000000000000000001A /* SpendingTrendsView.swift */,
				AA5F0000000000000000001A /* MedicationTrackerView.swift */,
				AA630000000000000000001A /* ProUpgradeView.swift */,
				AA690000000000000000001A /* SharingView.swift */,
			);
			path = Views;
			sourceTree = "<group>";
		};
		AA3B0000000000000000001A /* Components */ = {
			isa = PBXGroup;
			children = (
				AA170000000000000000001A /* DateScrollerView.swift */,
				AA190000000000000000001A /* SharedComponents.swift */,
				AA4A0000000000000000001A /* RecurrencePicker.swift */,
			);
			path = Components;
			sourceTree = "<group>";
		};
		AA3C0000000000000000001A = {
			isa = PBXGroup;
			children = (
				AA020000000000000000001A /* DailyPlanner */,
				BB300000000000000000001A /* DailyPlannerWidget */,
				AA030000000000000000001A /* Products */,
				AA6600000000000000001A /* Frameworks */,
			);
			sourceTree = "<group>";
		};
		AA450000000000000000001A /* Services */ = {
			isa = PBXGroup;
			children = (
				AA460000000000000000001A /* HealthKitManager.swift */,
				AA610000000000000000001A /* ProManager.swift */,
				AA6A0000000000000000001A /* CloudKitSharingService.swift */,
			);
			path = Services;
			sourceTree = "<group>";
		};
		AA6600000000000000001A /* Frameworks */ = {
			isa = PBXGroup;
			children = (
				AA6500000000000000001A /* HealthKit.framework */,
			);
			name = Frameworks;
			sourceTree = "<group>";
		};
		BB300000000000000000001A /* DailyPlannerWidget */ = {
			isa = PBXGroup;
			children = (
				BB100000000000000000001A /* DailyPlannerWidget.swift */,
				BB110000000000000000001A /* Info.plist */,
				BB120000000000000000001A /* DailyPlannerWidget.entitlements */,
			);
			path = DailyPlannerWidget;
			sourceTree = "<group>";
		};
/* End PBXGroup section */

/* Begin PBXNativeTarget section */
		AA040000000000000000001A /* DailyPlanner */ = {
			isa = PBXNativeTarget;
			buildConfigurationList = AA060000000000000000001A /* Build configuration list for PBXNativeTarget "DailyPlanner" */;
			buildPhases = (
				AA0B0000000000000000001A /* Sources */,
				AA0C0000000000000000001A /* Resources */,
				AA0D0000000000000000001A /* Frameworks */,
				BB800000000000000000001A /* Embed Foundation Extensions */,
			);
			buildRules = (
			);
			dependencies = (
				BB510000000000000000001A /* PBXTargetDependency */,
			);
			name = DailyPlanner;
			productName = DailyPlanner;
			productReference = AA0E0000000000000000001A /* DailyPlanner.app */;
			productType = "com.apple.product-type.application";
		};
		BB500000000000000000001A /* DailyPlannerWidget */ = {
			isa = PBXNativeTarget;
			buildConfigurationList = BB700000000000000000001A /* Build configuration list for PBXNativeTarget "DailyPlannerWidget" */;
			buildPhases = (
				BB400000000000000000001A /* Sources */,
				BB410000000000000000001A /* Resources */,
				BB420000000000000000001A /* Frameworks */,
			);
			buildRules = (
			);
			dependencies = (
			);
			name = DailyPlannerWidget;
			productName = DailyPlannerWidget;
			productReference = BB900000000000000000001A /* DailyPlannerWidget.appex */;
			productType = "com.apple.product-type.app-extension";
		};
/* End PBXNativeTarget section */

/* Begin PBXProject section */
		AA000000000000000000001A /* Project object */ = {
			isa = PBXProject;
			attributes = {
				BuildIndependentTargetsInParallel = 1;
				LastSwiftUpdateCheck = 1620;
				LastUpgradeCheck = 1620;
				TargetAttributes = {
					AA040000000000000000001A = {
						CreatedOnToolsVersion = 16.2;
						SystemCapabilities = {
							com.apple.ApplicationGroups.iOS = {
								enabled = 1;
							};
							com.apple.HealthKit = {
								enabled = 1;
							};
							com.apple.iCloud = {
								enabled = 1;
							};
						};
					};
					BB500000000000000000001A = {
						CreatedOnToolsVersion = 16.2;
						SystemCapabilities = {
							com.apple.ApplicationGroups.iOS = {
								enabled = 1;
							};
						};
					};
				};
			};
			buildConfigurationList = AA050000000000000000001A /* Build configuration list for PBXProject "DailyPlanner" */;
			compatibilityVersion = "Xcode 14.0";
			developmentRegion = en;
			hasScannedForEncodings = 0;
			knownRegions = (
				en,
				Base,
			);
			mainGroup = AA3C0000000000000000001A;
			productRefGroup = AA030000000000000000001A /* Products */;
			projectDirPath = "";
			projectRoot = "";
			targets = (
				AA040000000000000000001A /* DailyPlanner */,
				BB500000000000000000001A /* DailyPlannerWidget */,
			);
		};
/* End PBXProject section */

/* Begin PBXResourcesBuildPhase section */
		AA0C0000000000000000001A /* Resources */ = {
			isa = PBXResourcesBuildPhase;
			buildActionMask = 2147483647;
			files = (
				AA360000000000000000001A /* Assets.xcassets in Resources */,
			);
			runOnlyForDeploymentPostprocessing = 0;
		};
		BB410000000000000000001A /* Resources */ = {
			isa = PBXResourcesBuildPhase;
			buildActionMask = 2147483647;
			files = (
			);
			runOnlyForDeploymentPostprocessing = 0;
		};
/* End PBXResourcesBuildPhase section */

/* Begin PBXSourcesBuildPhase section */
		AA0B0000000000000000001A /* Sources */ = {
			isa = PBXSourcesBuildPhase;
			buildActionMask = 2147483647;
			files = (
				AA100000000000000000001A /* DailyPlannerApp.swift in Sources */,
				AA120000000000000000001A /* PlannerModels.swift in Sources */,
				AA400000000000000000001A /* NotificationManager.swift in Sources */,
				AA440000000000000000001A /* CalorieEstimator.swift in Sources */,
				AA140000000000000000001A /* PlannerViewModel.swift in Sources */,
				AA160000000000000000001A /* ContentView.swift in Sources */,
				AA180000000000000000001A /* DateScrollerView.swift in Sources */,
				AA1A0000000000000000001A /* SharedComponents.swift in Sources */,
				AA1C0000000000000000001A /* OverviewView.swift in Sources */,
				AA1E0000000000000000001A /* TopPrioritiesView.swift in Sources */,
				AA3E0000000000000000001A /* ToDoListsView.swift in Sources */,
				AA200000000000000000001A /* CallsEmailsView.swift in Sources */,
				AA220000000000000000001A /* PersonalTodoView.swift in Sources */,
				AA240000000000000000001A /* HealthFitnessView.swift in Sources */,
				AA260000000000000000001A /* WaterTrackerView.swift in Sources */,
				AA280000000000000000001A /* FoodTrackerView.swift in Sources */,
				AA2A0000000000000000001A /* DailyScheduleView.swift in Sources */,
				AA2C0000000000000000001A /* AppointmentsView.swift in Sources */,
				AA2E0000000000000000001A /* NotesView.swift in Sources */,
				AA320000000000000000001A /* ExpenseTrackerView.swift in Sources */,
				AA340000000000000000001A /* RateYourDayView.swift in Sources */,
				AA420000000000000000001A /* SettingsView.swift in Sources */,
				AA470000000000000000001A /* HealthKitManager.swift in Sources */,
				AA490000000000000000001A /* RecurrencePicker.swift in Sources */,
				AA4B0000000000000000001A /* SearchView.swift in Sources */,
				AA4D0000000000000000001A /* ExportView.swift in Sources */,
				AA510000000000000000001A /* PomodoroTimerView.swift in Sources */,
				AA530000000000000000001A /* HabitTrackerView.swift in Sources */,
				AA550000000000000000001A /* BudgetSettingsView.swift in Sources */,
				AA560000000000000000001A /* SleepTrackerView.swift in Sources */,
				AA580000000000000000001A /* WeeklySummaryView.swift in Sources */,
				AA5A0000000000000000001A /* AppShortcuts.swift in Sources */,
				AA5C0000000000000000001A /* SpendingTrendsView.swift in Sources */,
				AA5E0000000000000000001A /* MedicationTrackerView.swift in Sources */,
				AA600000000000000000001A /* ProManager.swift in Sources */,
				AA620000000000000000001A /* ProUpgradeView.swift in Sources */,
				AA680000000000000000001A /* SharingView.swift in Sources */,
				AA6C0000000000000000001A /* CloudKitSharingService.swift in Sources */,
			);
			runOnlyForDeploymentPostprocessing = 0;
		};
		BB400000000000000000001A /* Sources */ = {
			isa = PBXSourcesBuildPhase;
			buildActionMask = 2147483647;
			files = (
				BB200000000000000000001A /* DailyPlannerWidget.swift in Sources */,
			);
			runOnlyForDeploymentPostprocessing = 0;
		};
/* End PBXSourcesBuildPhase section */

/* Begin PBXTargetDependency section */
		BB510000000000000000001A /* PBXTargetDependency */ = {
			isa = PBXTargetDependency;
			target = BB500000000000000000001A /* DailyPlannerWidget */;
			targetProxy = BB520000000000000000001A /* PBXContainerItemProxy */;
		};
/* End PBXTargetDependency section */

/* Begin XCBuildConfiguration section */
		AA070000000000000000001A /* Debug */ = {
			isa = XCBuildConfiguration;
			buildSettings = {
				ALWAYS_SEARCH_USER_PATHS = NO;
				ASSETCATALOG_COMPILER_GENERATE_SWIFT_ASSET_SYMBOL_EXTENSIONS = YES;
				CLANG_ANALYZER_NONNULL = YES;
				CLANG_ANALYZER_NUMBER_OBJECT_CONVERSION = YES_AGGRESSIVE;
				CLANG_CXX_LANGUAGE_STANDARD = "gnu++20";
				CLANG_ENABLE_MODULES = YES;
				CLANG_ENABLE_OBJC_ARC = YES;
				CLANG_ENABLE_OBJC_WEAK = YES;
				CLANG_WARN_BLOCK_CAPTURE_AUTORELEASING = YES;
				CLANG_WARN_BOOL_CONVERSION = YES;
				CLANG_WARN_COMMA = YES;
				CLANG_WARN_CONSTANT_CONVERSION = YES;
				CLANG_WARN_DEPRECATED_OBJC_IMPLEMENTATIONS = YES;
				CLANG_WARN_DIRECT_OBJC_ISA_USAGE = YES_ERROR;
				CLANG_WARN_DOCUMENTATION_COMMENTS = YES;
				CLANG_WARN_EMPTY_BODY = YES;
				CLANG_WARN_ENUM_CONVERSION = YES;
				CLANG_WARN_INFINITE_RECURSION = YES;
				CLANG_WARN_INT_CONVERSION = YES;
				CLANG_WARN_NON_LITERAL_NULL_CONVERSION = YES;
				CLANG_WARN_OBJC_IMPLICIT_RETAIN_SELF = YES;
				CLANG_WARN_OBJC_LITERAL_CONVERSION = YES;
				CLANG_WARN_OBJC_ROOT_CLASS = YES_ERROR;
				CLANG_WARN_QUOTED_INCLUDE_IN_FRAMEWORK_HEADER = YES;
				CLANG_WARN_RANGE_LOOP_ANALYSIS = YES;
				CLANG_WARN_STRICT_PROTOTYPES = YES;
				CLANG_WARN_SUSPICIOUS_MOVE = YES;
				CLANG_WARN_UNGUARDED_AVAILABILITY = YES_AGGRESSIVE;
				CLANG_WARN_UNREACHABLE_CODE = YES;
				CLANG_WARN__DUPLICATE_METHOD_MATCH = YES;
				COPY_PHASE_STRIP = NO;
				DEBUG_INFORMATION_FORMAT = dwarf;
				ENABLE_STRICT_OBJC_MSGSEND = YES;
				ENABLE_TESTABILITY = YES;
				ENABLE_USER_SCRIPT_SANDBOXING = YES;
				GCC_C_LANGUAGE_STANDARD = gnu17;
				GCC_DYNAMIC_NO_PIC = NO;
				GCC_NO_COMMON_BLOCKS = YES;
				GCC_OPTIMIZATION_LEVEL = 0;
				GCC_PREPROCESSOR_DEFINITIONS = (
					"DEBUG=1",
					"$(inherited)",
				);
				GCC_WARN_64_TO_32_BIT_CONVERSION = YES;
				GCC_WARN_ABOUT_RETURN_TYPE = YES_ERROR;
				GCC_WARN_UNDECLARED_SELECTOR = YES;
				GCC_WARN_UNINITIALIZED_AUTOS = YES_AGGRESSIVE;
				GCC_WARN_UNUSED_FUNCTION = YES;
				GCC_WARN_UNUSED_VARIABLE = YES;
				IPHONEOS_DEPLOYMENT_TARGET = 17.0;
				MTL_ENABLE_DEBUG_INFO = INCLUDE_SOURCE;
				MTL_FAST_MATH = YES;
				ONLY_ACTIVE_ARCH = YES;
				SDKROOT = iphoneos;
				SWIFT_ACTIVE_COMPILATION_CONDITIONS = "DEBUG $(inherited)";
				SWIFT_OPTIMIZATION_LEVEL = "-Onone";
			};
			name = Debug;
		};
		AA080000000000000000001A /* Release */ = {
			isa = XCBuildConfiguration;
			buildSettings = {
				ALWAYS_SEARCH_USER_PATHS = NO;
				ASSETCATALOG_COMPILER_GENERATE_SWIFT_ASSET_SYMBOL_EXTENSIONS = YES;
				CLANG_ANALYZER_NONNULL = YES;
				CLANG_ANALYZER_NUMBER_OBJECT_CONVERSION = YES_AGGRESSIVE;
				CLANG_CXX_LANGUAGE_STANDARD = "gnu++20";
				CLANG_ENABLE_MODULES = YES;
				CLANG_ENABLE_OBJC_ARC = YES;
				CLANG_ENABLE_OBJC_WEAK = YES;
				CLANG_WARN_BLOCK_CAPTURE_AUTORELEASING = YES;
				CLANG_WARN_BOOL_CONVERSION = YES;
				CLANG_WARN_COMMA = YES;
				CLANG_WARN_CONSTANT_CONVERSION = YES;
				CLANG_WARN_DEPRECATED_OBJC_IMPLEMENTATIONS = YES;
				CLANG_WARN_DIRECT_OBJC_ISA_USAGE = YES_ERROR;
				CLANG_WARN_DOCUMENTATION_COMMENTS = YES;
				CLANG_WARN_EMPTY_BODY = YES;
				CLANG_WARN_ENUM_CONVERSION = YES;
				CLANG_WARN_INFINITE_RECURSION = YES;
				CLANG_WARN_INT_CONVERSION = YES;
				CLANG_WARN_NON_LITERAL_NULL_CONVERSION = YES;
				CLANG_WARN_OBJC_IMPLICIT_RETAIN_SELF = YES;
				CLANG_WARN_OBJC_LITERAL_CONVERSION = YES;
				CLANG_WARN_OBJC_ROOT_CLASS = YES_ERROR;
				CLANG_WARN_QUOTED_INCLUDE_IN_FRAMEWORK_HEADER = YES;
				CLANG_WARN_RANGE_LOOP_ANALYSIS = YES;
				CLANG_WARN_STRICT_PROTOTYPES = YES;
				CLANG_WARN_SUSPICIOUS_MOVE = YES;
				CLANG_WARN_UNGUARDED_AVAILABILITY = YES_AGGRESSIVE;
				CLANG_WARN_UNREACHABLE_CODE = YES;
				CLANG_WARN__DUPLICATE_METHOD_MATCH = YES;
				COPY_PHASE_STRIP = NO;
				DEBUG_INFORMATION_FORMAT = "dwarf-with-dsym";
				ENABLE_NS_ASSERTIONS = NO;
				ENABLE_STRICT_OBJC_MSGSEND = YES;
				ENABLE_USER_SCRIPT_SANDBOXING = YES;
				GCC_C_LANGUAGE_STANDARD = gnu17;
				GCC_NO_COMMON_BLOCKS = YES;
				GCC_WARN_64_TO_32_BIT_CONVERSION = YES;
				GCC_WARN_ABOUT_RETURN_TYPE = YES_ERROR;
				GCC_WARN_UNDECLARED_SELECTOR = YES;
				GCC_WARN_UNINITIALIZED_AUTOS = YES_AGGRESSIVE;
				GCC_WARN_UNUSED_FUNCTION = YES;
				GCC_WARN_UNUSED_VARIABLE = YES;
				IPHONEOS_DEPLOYMENT_TARGET = 17.0;
				MTL_FAST_MATH = YES;
				SDKROOT = iphoneos;
				SWIFT_COMPILATION_MODE = wholemodule;
				VALIDATE_PRODUCT = YES;
			};
			name = Release;
		};
		AA090000000000000000001A /* Debug */ = {
			isa = XCBuildConfiguration;
			buildSettings = {
				ASSETCATALOG_COMPILER_APPICON_NAME = AppIcon;
				ASSETCATALOG_COMPILER_GLOBAL_ACCENT_COLOR_NAME = AccentColor;
				CODE_SIGN_ENTITLEMENTS = DailyPlanner/DailyPlanner.entitlements;
				CODE_SIGN_STYLE = Automatic;
				CURRENT_PROJECT_VERSION = 3;
				DEVELOPMENT_ASSET_PATHS = "";
				DEVELOPMENT_TEAM = 3VU3B66P6J;
				ENABLE_PREVIEWS = YES;
				GENERATE_INFOPLIST_FILE = NO;
				INFOPLIST_FILE = DailyPlanner/Info.plist;
				INFOPLIST_KEY_LSApplicationCategoryType = "public.app-category.productivity";
				IPHONEOS_DEPLOYMENT_TARGET = 17.0;
				LD_RUNPATH_SEARCH_PATHS = (
					"$(inherited)",
					"@executable_path/Frameworks",
				);
				MARKETING_VERSION = 2.2;
				PRODUCT_BUNDLE_IDENTIFIER = com.istalin.DailyPlanner;
				PRODUCT_NAME = "$(TARGET_NAME)";
				SWIFT_EMIT_LOC_STRINGS = YES;
				SWIFT_VERSION = 5.0;
				TARGETED_DEVICE_FAMILY = "1,2";
			};
			name = Debug;
		};
		AA0A0000000000000000001A /* Release */ = {
			isa = XCBuildConfiguration;
			buildSettings = {
				ASSETCATALOG_COMPILER_APPICON_NAME = AppIcon;
				ASSETCATALOG_COMPILER_GLOBAL_ACCENT_COLOR_NAME = AccentColor;
				CODE_SIGN_ENTITLEMENTS = DailyPlanner/DailyPlanner.entitlements;
				CODE_SIGN_STYLE = Automatic;
				CURRENT_PROJECT_VERSION = 3;
				DEVELOPMENT_ASSET_PATHS = "";
				DEVELOPMENT_TEAM = 3VU3B66P6J;
				ENABLE_PREVIEWS = YES;
				GENERATE_INFOPLIST_FILE = NO;
				INFOPLIST_FILE = DailyPlanner/Info.plist;
				INFOPLIST_KEY_LSApplicationCategoryType = "public.app-category.productivity";
				IPHONEOS_DEPLOYMENT_TARGET = 17.0;
				LD_RUNPATH_SEARCH_PATHS = (
					"$(inherited)",
					"@executable_path/Frameworks",
				);
				MARKETING_VERSION = 2.2;
				PRODUCT_BUNDLE_IDENTIFIER = com.istalin.DailyPlanner;
				PRODUCT_NAME = "$(TARGET_NAME)";
				SWIFT_EMIT_LOC_STRINGS = YES;
				SWIFT_VERSION = 5.0;
				TARGETED_DEVICE_FAMILY = "1,2";
			};
			name = Release;
		};
		BB600000000000000000001A /* Debug */ = {
			isa = XCBuildConfiguration;
			buildSettings = {
				CODE_SIGN_ENTITLEMENTS = DailyPlannerWidget/DailyPlannerWidget.entitlements;
				CODE_SIGN_STYLE = Automatic;
				CURRENT_PROJECT_VERSION = 3;
				DEVELOPMENT_TEAM = 3VU3B66P6J;
				GENERATE_INFOPLIST_FILE = NO;
				INFOPLIST_FILE = DailyPlannerWidget/Info.plist;
				IPHONEOS_DEPLOYMENT_TARGET = 17.0;
				LD_RUNPATH_SEARCH_PATHS = (
					"$(inherited)",
					"@executable_path/Frameworks",
					"@executable_path/../../Frameworks",
				);
				MARKETING_VERSION = 2.1;
				PRODUCT_BUNDLE_IDENTIFIER = com.istalin.DailyPlanner.widget;
				PRODUCT_NAME = DailyPlannerWidget;
				SKIP_INSTALL = YES;
				SWIFT_EMIT_LOC_STRINGS = YES;
				SWIFT_VERSION = 5.0;
				TARGETED_DEVICE_FAMILY = "1,2";
			};
			name = Debug;
		};
		BB610000000000000000001A /* Release */ = {
			isa = XCBuildConfiguration;
			buildSettings = {
				CODE_SIGN_ENTITLEMENTS = DailyPlannerWidget/DailyPlannerWidget.entitlements;
				CODE_SIGN_STYLE = Automatic;
				CURRENT_PROJECT_VERSION = 3;
				DEVELOPMENT_TEAM = 3VU3B66P6J;
				GENERATE_INFOPLIST_FILE = NO;
				INFOPLIST_FILE = DailyPlannerWidget/Info.plist;
				IPHONEOS_DEPLOYMENT_TARGET = 17.0;
				LD_RUNPATH_SEARCH_PATHS = (
					"$(inherited)",
					"@executable_path/Frameworks",
					"@executable_path/../../Frameworks",
				);
				MARKETING_VERSION = 2.1;
				PRODUCT_BUNDLE_IDENTIFIER = com.istalin.DailyPlanner.widget;
				PRODUCT_NAME = DailyPlannerWidget;
				SKIP_INSTALL = YES;
				SWIFT_EMIT_LOC_STRINGS = YES;
				SWIFT_VERSION = 5.0;
				TARGETED_DEVICE_FAMILY = "1,2";
			};
			name = Release;
		};
/* End XCBuildConfiguration section */

/* Begin XCConfigurationList section */
		AA050000000000000000001A /* Build configuration list for PBXProject "DailyPlanner" */ = {
			isa = XCConfigurationList;
			buildConfigurations = (
				AA070000000000000000001A /* Debug */,
				AA080000000000000000001A /* Release */,
			);
			defaultConfigurationIsVisible = 0;
			defaultConfigurationName = Release;
		};
		AA060000000000000000001A /* Build configuration list for PBXNativeTarget "DailyPlanner" */ = {
			isa = XCConfigurationList;
			buildConfigurations = (
				AA090000000000000000001A /* Debug */,
				AA0A0000000000000000001A /* Release */,
			);
			defaultConfigurationIsVisible = 0;
			defaultConfigurationName = Release;
		};
		BB700000000000000000001A /* Build configuration list for PBXNativeTarget "DailyPlannerWidget" */ = {
			isa = XCConfigurationList;
			buildConfigurations = (
				BB600000000000000000001A /* Debug */,
				BB610000000000000000001A /* Release */,
			);
			defaultConfigurationIsVisible = 0;
			defaultConfigurationName = Release;
		};
/* End XCConfigurationList section */
	};
	rootObject = AA000000000000000000001A /* Project object */;
}
